
Microsoft Visual Studio Solution File, Format Version 12.00
# Visual Studio Version 17
VisualStudioVersion = 17.13.35825.156 d17.13
MinimumVisualStudioVersion = 10.0.40219.1
Project("{FAE04EC0-301F-11D3-BF4B-00C04F79EFBC}") = "TechForAll", "TechForAll.csproj", "{DACFFE57-1B97-4B71-BC92-4EC1AD101BBF}"
EndProject
Global
	GlobalSection(SolutionConfigurationPlatforms) = preSolution
		Debug|Any CPU = Debug|Any CPU
		Release|Any CPU = Release|Any CPU
	EndGlobalSection
	GlobalSection(ProjectConfigurationPlatforms) = postSolution
		{DACFFE57-1B97-4B71-BC92-4EC1AD101BBF}.Debug|Any CPU.ActiveCfg = Debug|Any CPU
		{DACFFE57-1B97-4B71-BC92-4EC1AD101BBF}.Debug|Any CPU.Build.0 = Debug|Any CPU
		{DACFFE57-1B97-4B71-BC92-4EC1AD101BBF}.Release|Any CPU.ActiveCfg = Release|Any CPU
		{DACFFE57-1B97-4B71-BC92-4EC1AD101BBF}.Release|Any CPU.Build.0 = Release|Any CPU
	EndGlobalSection
	GlobalSection(SolutionProperties) = preSolution
		HideSolutionNode = FALSE
	EndGlobalSection
	GlobalSection(ExtensibilityGlobals) = postSolution
		SolutionGuid = {72BBEF8C-EAAB-4421-92AE-06C93EA16DF7}
	EndGlobalSection
EndGlobal
